// !$*UTF8*$!
{
	archiveVersion = 1;
	classes = {
	};
	objectVersion = 48;
	objects = {

/* Begin PBXBuildFile section */
		550FD5061F9E8E9500E74B00 /* MapKit.framework in Frameworks */ = {isa = PBXBuildFile; fileRef = 550FD5051F9E8E9500E74B00 /* MapKit.framework */; };
		550FD5081F9E904500E74B00 /* Capital.swift in Sources */ = {isa = PBXBuildFile; fileRef = 550FD5071F9E904500E74B00 /* Capital.swift */; };
		552E89741F9E8A9E00DB4038 /* AppDelegate.swift in Sources */ = {isa = PBXBuildFile; fileRef = 552E89731F9E8A9E00DB4038 /* AppDelegate.swift */; };
		552E89761F9E8A9E00DB4038 /* ViewController.swift in Sources */ = {isa = PBXBuildFile; fileRef = 552E89751F9E8A9E00DB4038 /* ViewController.swift */; };
		552E89791F9E8A9E00DB4038 /* Main.storyboard in Resources */ = {isa = PBXBuildFile; fileRef = 552E89771F9E8A9E00DB4038 /* Main.storyboard */; };
		552E897B1F9E8A9E00DB4038 /* Assets.xcassets in Resources */ = {isa = PBXBuildFile; fileRef = 552E897A1F9E8A9E00DB4038 /* Assets.xcassets */; };
		552E897E1F9E8A9E00DB4038 /* LaunchScreen.storyboard in Resources */ = {isa = PBXBuildFile; fileRef = 552E897C1F9E8A9E00DB4038 /* LaunchScreen.storyboard */; };
		552E89891F9E8A9F00DB4038 /* Project19Tests.swift in Sources */ = {isa = PBXBuildFile; fileRef = 552E89881F9E8A9F00DB4038 /* Project19Tests.swift */; };
/* End PBXBuildFile section */

/* Begin PBXContainerItemProxy section */
		552E89851F9E8A9F00DB4038 /* PBXContainerItemProxy */ = {
			isa = PBXContainerItemProxy;
			containerPortal = 552E89681F9E8A9E00DB4038 /* Project object */;
			proxyType = 1;
			remoteGlobalIDString = 552E896F1F9E8A9E00DB4038;
			remoteInfo = Project19;
		};
/* End PBXContainerItemProxy section */

/* Begin PBXFileReference section */
		550FD5051F9E8E9500E74B00 /* MapKit.framework */ = {isa = PBXFileReference; lastKnownFileType = wrapper.framework; name = MapKit.framework; path = System/Library/Frameworks/MapKit.framework; sourceTree = SDKROOT; };
		550FD5071F9E904500E74B00 /* Capital.swift */ = {isa = PBXFileReference; lastKnownFileType = sourcecode.swift; path = Capital.swift; sourceTree = "<group>"; };
		552E89701F9E8A9E00DB4038 /* Project19.app */ = {isa = PBXFileReference; explicitFileType = wrapper.application; includeInIndex = 0; path = Project19.app; sourceTree = BUILT_PRODUCTS_DIR; };
		552E89731F9E8A9E00DB4038 /* AppDelegate.swift */ = {isa = PBXFileReference; lastKnownFileType = sourcecode.swift; path = AppDelegate.swift; sourceTree = "<group>"; };
		552E89751F9E8A9E00DB4038 /* ViewController.swift */ = {isa = PBXFileReference; lastKnownFileType = sourcecode.swift; path = ViewController.swift; sourceTree = "<group>"; };
		552E89781F9E8A9E00DB4038 /* Base */ = {isa = PBXFileReference; lastKnownFileType = file.storyboard; name = Base; path = Base.lproj/Main.storyboard; sourceTree = "<group>"; };
		552E897A1F9E8A9E00DB4038 /* Assets.xcassets */ = {isa = PBXFileReference; lastKnownFileType = folder.assetcatalog; path = Assets.xcassets; sourceTree = "<group>"; };
		552E897D1F9E8A9E00DB4038 /* Base */ = {isa = PBXFileReference; lastKnownFileType = file.storyboard; name = Base; path = Base.lproj/LaunchScreen.storyboard; sourceTree = "<group>"; };
		552E897F1F9E8A9E00DB4038 /* Info.plist */ = {isa = PBXFileReference; lastKnownFileType = text.plist.xml; path = Info.plist; sourceTree = "<group>"; };
		552E89841F9E8A9F00DB4038 /* Project19Tests.xctest */ = {isa = PBXFileReference; explicitFileType = wrapper.cfbundle; includeInIndex = 0; path = Project19Tests.xctest; sourceTree = BUILT_PRODUCTS_DIR; };
		552E89881F9E8A9F00DB4038 /* Project19Tests.swift */ = {isa = PBXFileReference; lastKnownFileType = sourcecode.swift; path = Project19Tests.swift; sourceTree = "<group>"; };
		552E898A1F9E8A9F00DB4038 /* Info.plist */ = {isa = PBXFileReference; lastKnownFileType = text.plist.xml; path = Info.plist; sourceTree = "<group>"; };
/* End PBXFileReference section */

/* Begin PBXFrameworksBuildPhase section */
		552E896D1F9E8A9E00DB4038 /* Frameworks */ = {
			isa = PBXFrameworksBuildPhase;
			buildActionMask = 2147483647;
			files = (
				550FD5061F9E8E9500E74B00 /* MapKit.framework in Frameworks */,
			);
			runOnlyForDeploymentPostprocessing = 0;
		};
		552E89811F9E8A9F00DB4038 /* Frameworks */ = {
			isa = PBXFrameworksBuildPhase;
			buildActionMask = 2147483647;
			files = (
			);
			runOnlyForDeploymentPostprocessing = 0;
		};
/* End PBXFrameworksBuildPhase section */

/* Begin PBXGroup section */
		550FD5041F9E8E9500E74B00 /* Frameworks */ = {
			isa = PBXGroup;
			children = (
				550FD5051F9E8E9500E74B00 /* MapKit.framework */,
			);
			name = Frameworks;
			sourceTree = "<group>";
		};
		552E89671F9E8A9E00DB4038 = {
			isa = PBXGroup;
			children = (
				552E89721F9E8A9E00DB4038 /* Project19 */,
				552E89871F9E8A9F00DB4038 /* Project19Tests */,
				552E89711F9E8A9E00DB4038 /* Products */,
				550FD5041F9E8E9500E74B00 /* Frameworks */,
			);
			sourceTree = "<group>";
		};
		552E89711F9E8A9E00DB4038 /* Products */ = {
			isa = PBXGroup;
			children = (
				552E89701F9E8A9E00DB4038 /* Project19.app */,
				552E89841F9E8A9F00DB4038 /* Project19Tests.xctest */,
			);
			name = Products;
			sourceTree = "<group>";
		};
		552E89721F9E8A9E00DB4038 /* Project19 */ = {
			isa = PBXGroup;
			children = (
				552E89731F9E8A9E00DB4038 /* AppDelegate.swift */,
				552E89751F9E8A9E00DB4038 /* ViewController.swift */,
				550FD5071F9E904500E74B00 /* Capital.swift */,
				552E89771F9E8A9E00DB4038 /* Main.storyboard */,
				552E897A1F9E8A9E00DB4038 /* Assets.xcassets */,
				552E897C1F9E8A9E00DB4038 /* LaunchScreen.storyboard */,
				552E897F1F9E8A9E00DB4038 /* Info.plist */,
			);
			path = Project19;
			sourceTree = "<group>";
		};
		552E89871F9E8A9F00DB4038 /* Project19Tests */ = {
			isa = PBXGroup;
			children = (
				552E89881F9E8A9F00DB4038 /* Project19Tests.swift */,
				552E898A1F9E8A9F00DB4038 /* Info.plist */,
			);
			path = Project19Tests;
			sourceTree = "<group>";
		};
/* End PBXGroup section */

/* Begin PBXNativeTarget section */
		552E896F1F9E8A9E00DB4038 /* Project19 */ = {
			isa = PBXNativeTarget;
			buildConfigurationList = 552E898D1F9E8A9F00DB4038 /* Build configuration list for PBXNativeTarget "Project19" */;
			buildPhases = (
				552E896C1F9E8A9E00DB4038 /* Sources */,
				552E896D1F9E8A9E00DB4038 /* Frameworks */,
				552E896E1F9E8A9E00DB4038 /* Resources */,
			);
			buildRules = (
			);
			dependencies = (
			);
			name = Project19;
			productName = Project19;
			productReference = 552E89701F9E8A9E00DB4038 /* Project19.app */;
			productType = "com.apple.product-type.application";
		};
		552E89831F9E8A9F00DB4038 /* Project19Tests */ = {
			isa = PBXNativeTarget;
			buildConfigurationList = 552E89901F9E8A9F00DB4038 /* Build configuration list for PBXNativeTarget "Project19Tests" */;
			buildPhases = (
				552E89801F9E8A9F00DB4038 /* Sources */,
				552E89811F9E8A9F00DB4038 /* Frameworks */,
				552E89821F9E8A9F00DB4038 /* Resources */,
			);
			buildRules = (
			);
			dependencies = (
				552E89861F9E8A9F00DB4038 /* PBXTargetDependency */,
			);
			name = Project19Tests;
			productName = Project19Tests;
			productReference = 552E89841F9E8A9F00DB4038 /* Project19Tests.xctest */;
			productType = "com.apple.product-type.bundle.unit-test";
		};
/* End PBXNativeTarget section */

/* Begin PBXProject section */
		552E89681F9E8A9E00DB4038 /* Project object */ = {
			isa = PBXProject;
			attributes = {
				LastSwiftUpdateCheck = 0900;
				LastUpgradeCheck = 0900;
				ORGANIZATIONNAME = "halloween-jack";
				TargetAttributes = {
					552E896F1F9E8A9E00DB4038 = {
						CreatedOnToolsVersion = 9.0.1;
						ProvisioningStyle = Automatic;
						SystemCapabilities = {
							com.apple.Maps.iOS = {
								enabled = 1;
							};
						};
					};
					552E89831F9E8A9F00DB4038 = {
						CreatedOnToolsVersion = 9.0.1;
						ProvisioningStyle = Automatic;
						TestTargetID = 552E896F1F9E8A9E00DB4038;
					};
				};
			};
			buildConfigurationList = 552E896B1F9E8A9E00DB4038 /* Build configuration list for PBXProject "Project19" */;
			compatibilityVersion = "Xcode 8.0";
			developmentRegion = en;
			hasScannedForEncodings = 0;
			knownRegions = (
				en,
				Base,
			);
			mainGroup = 552E89671F9E8A9E00DB4038;
			productRefGroup = 552E89711F9E8A9E00DB4038 /* Products */;
			projectDirPath = "";
			projectRoot = "";
			targets = (
				552E896F1F9E8A9E00DB4038 /* Project19 */,
				552E89831F9E8A9F00DB4038 /* Project19Tests */,
			);
		};
/* End PBXProject section */

/* Begin PBXResourcesBuildPhase section */
		552E896E1F9E8A9E00DB4038 /* Resources */ = {
			isa = PBXResourcesBuildPhase;
			buildActionMask = 2147483647;
			files = (
				552E897E1F9E8A9E00DB4038 /* LaunchScreen.storyboard in Resources */,
				552E897B1F9E8A9E00DB4038 /* Assets.xcassets in Resources */,
				552E89791F9E8A9E00DB4038 /* Main.storyboard in Resources */,
			);
			runOnlyForDeploymentPostprocessing = 0;
		};
		552E89821F9E8A9F00DB4038 /* Resources */ = {
			isa = PBXResourcesBuildPhase;
			buildActionMask = 2147483647;
			files = (
			);
			runOnlyForDeploymentPostprocessing = 0;
		};
/* End PBXResourcesBuildPhase section */

/* Begin PBXSourcesBuildPhase section */
		552E896C1F9E8A9E00DB4038 /* Sources */ = {
			isa = PBXSourcesBuildPhase;
			buildActionMask = 2147483647;
			files = (
				552E89761F9E8A9E00DB4038 /* ViewController.swift in Sources */,
				552E89741F9E8A9E00DB4038 /* AppDelegate.swift in Sources */,
				550FD5081F9E904500E74B00 /* Capital.swift in Sources */,
			);
			runOnlyForDeploymentPostprocessing = 0;
		};
		552E89801F9E8A9F00DB4038 /* Sources */ = {
			isa = PBXSourcesBuildPhase;
			buildActionMask = 2147483647;
			files = (
				552E89891F9E8A9F00DB4038 /* Project19Tests.swift in Sources */,
			);
			runOnlyForDeploymentPostprocessing = 0;
		};
/* End PBXSourcesBuildPhase section */

/* Begin PBXTargetDependency section */
		552E89861F9E8A9F00DB4038 /* PBXTargetDependency */ = {
			isa = PBXTargetDependency;
			target = 552E896F1F9E8A9E00DB4038 /* Project19 */;
			targetProxy = 552E89851F9E8A9F00DB4038 /* PBXContainerItemProxy */;
		};
/* End PBXTargetDependency section */

/* Begin PBXVariantGroup section */
		552E89771F9E8A9E00DB4038 /* Main.storyboard */ = {
			isa = PBXVariantGroup;
			children = (
				552E89781F9E8A9E00DB4038 /* Base */,
			);
			name = Main.storyboard;
			sourceTree = "<group>";
		};
		552E897C1F9E8A9E00DB4038 /* LaunchScreen.storyboard */ = {
			isa = PBXVariantGroup;
			children = (
				552E897D1F9E8A9E00DB4038 /* Base */,
			);
			name = LaunchScreen.storyboard;
			sourceTree = "<group>";
		};
/* End PBXVariantGroup section */

/* Begin XCBuildConfiguration section */
		552E898B1F9E8A9F00DB4038 /* Debug */ = {
			isa = XCBuildConfiguration;
			buildSettings = {
				ALWAYS_SEARCH_USER_PATHS = NO;
				CLANG_ANALYZER_NONNULL = YES;
				CLANG_ANALYZER_NUMBER_OBJECT_CONVERSION = YES_AGGRESSIVE;
				CLANG_CXX_LANGUAGE_STANDARD = "gnu++14";
				CLANG_CXX_LIBRARY = "libc++";
				CLANG_ENABLE_MODULES = YES;
				CLANG_ENABLE_OBJC_ARC = YES;
				CLANG_WARN_BLOCK_CAPTURE_AUTORELEASING = YES;
				CLANG_WARN_BOOL_CONVERSION = YES;
				CLANG_WARN_COMMA = YES;
				CLANG_WARN_CONSTANT_CONVERSION = YES;
				CLANG_WARN_DIRECT_OBJC_ISA_USAGE = YES_ERROR;
				CLANG_WARN_DOCUMENTATION_COMMENTS = YES;
				CLANG_WARN_EMPTY_BODY = YES;
				CLANG_WARN_ENUM_CONVERSION = YES;
				CLANG_WARN_INFINITE_RECURSION = YES;
				CLANG_WARN_INT_CONVERSION = YES;
				CLANG_WARN_NON_LITERAL_NULL_CONVERSION = YES;
				CLANG_WARN_OBJC_LITERAL_CONVERSION = YES;
				CLANG_WARN_OBJC_ROOT_CLASS = YES_ERROR;
				CLANG_WARN_RANGE_LOOP_ANALYSIS = YES;
				CLANG_WARN_STRICT_PROTOTYPES = YES;
				CLANG_WARN_SUSPICIOUS_MOVE = YES;
				CLANG_WARN_UNGUARDED_AVAILABILITY = YES_AGGRESSIVE;
				CLANG_WARN_UNREACHABLE_CODE = YES;
				CLANG_WARN__DUPLICATE_METHOD_MATCH = YES;
				CODE_SIGN_IDENTITY = "iPhone Developer";
				COPY_PHASE_STRIP = NO;
				DEBUG_INFORMATION_FORMAT = dwarf;
				ENABLE_STRICT_OBJC_MSGSEND = YES;
				ENABLE_TESTABILITY = YES;
				GCC_C_LANGUAGE_STANDARD = gnu11;
				GCC_DYNAMIC_NO_PIC = NO;
				GCC_NO_COMMON_BLOCKS = YES;
				GCC_OPTIMIZATION_LEVEL = 0;
				GCC_PREPROCESSOR_DEFINITIONS = (
					"DEBUG=1",
					"$(inherited)",
				);
				GCC_WARN_64_TO_32_BIT_CONVERSION = YES;
				GCC_WARN_ABOUT_RETURN_TYPE = YES_ERROR;
				GCC_WARN_UNDECLARED_SELECTOR = YES;
				GCC_WARN_UNINITIALIZED_AUTOS = YES_AGGRESSIVE;
				GCC_WARN_UNUSED_FUNCTION = YES;
				GCC_WARN_UNUSED_VARIABLE = YES;
				IPHONEOS_DEPLOYMENT_TARGET = 11.0;
				MTL_ENABLE_DEBUG_INFO = YES;
				ONLY_ACTIVE_ARCH = YES;
				SDKROOT = iphoneos;
				SWIFT_ACTIVE_COMPILATION_CONDITIONS = DEBUG;
				SWIFT_OPTIMIZATION_LEVEL = "-Onone";
			};
			name = Debug;
		};
		552E898C1F9E8A9F00DB4038 /* Release */ = {
			isa = XCBuildConfiguration;
			buildSettings = {
				ALWAYS_SEARCH_USER_PATHS = NO;
				CLANG_ANALYZER_NONNULL = YES;
				CLANG_ANALYZER_NUMBER_OBJECT_CONVERSION = YES_AGGRESSIVE;
				CLANG_CXX_LANGUAGE_STANDARD = "gnu++14";
				CLANG_CXX_LIBRARY = "libc++";
				CLANG_ENABLE_MODULES = YES;
				CLANG_ENABLE_OBJC_ARC = YES;
				CLANG_WARN_BLOCK_CAPTURE_AUTORELEASING = YES;
				CLANG_WARN_BOOL_CONVERSION = YES;
				CLANG_WARN_COMMA = YES;
				CLANG_WARN_CONSTANT_CONVERSION = YES;
				CLANG_WARN_DIRECT_OBJC_ISA_USAGE = YES_ERROR;
				CLANG_WARN_DOCUMENTATION_COMMENTS = YES;
				CLANG_WARN_EMPTY_BODY = YES;
				CLANG_WARN_ENUM_CONVERSION = YES;
				CLANG_WARN_INFINITE_RECURSION = YES;
				CLANG_WARN_INT_CONVERSION = YES;
				CLANG_WARN_NON_LITERAL_NULL_CONVERSION = YES;
				CLANG_WARN_OBJC_LITERAL_CONVERSION = YES;
				CLANG_WARN_OBJC_ROOT_CLASS = YES_ERROR;
				CLANG_WARN_RANGE_LOOP_ANALYSIS = YES;
				CLANG_WARN_STRICT_PROTOTYPES = YES;
				CLANG_WARN_SUSPICIOUS_MOVE = YES;
				CLANG_WARN_UNGUARDED_AVAILABILITY = YES_AGGRESSIVE;
				CLANG_WARN_UNREACHABLE_CODE = YES;
				CLANG_WARN__DUPLICATE_METHOD_MATCH = YES;
				CODE_SIGN_IDENTITY = "iPhone Developer";
				COPY_PHASE_STRIP = NO;
				DEBUG_INFORMATION_FORMAT = "dwarf-with-dsym";
				ENABLE_NS_ASSERTIONS = NO;
				ENABLE_STRICT_OBJC_MSGSEND = YES;
				GCC_C_LANGUAGE_STANDARD = gnu11;
				GCC_NO_COMMON_BLOCKS = YES;
				GCC_WARN_64_TO_32_BIT_CONVERSION = YES;
				GCC_WARN_ABOUT_RETURN_TYPE = YES_ERROR;
				GCC_WARN_UNDECLARED_SELECTOR = YES;
				GCC_WARN_UNINITIALIZED_AUTOS = YES_AGGRESSIVE;
				GCC_WARN_UNUSED_FUNCTION = YES;
				GCC_WARN_UNUSED_VARIABLE = YES;
				IPHONEOS_DEPLOYMENT_TARGET = 11.0;
				MTL_ENABLE_DEBUG_INFO = NO;
				SDKROOT = iphoneos;
				SWIFT_OPTIMIZATION_LEVEL = "-Owholemodule";
				VALIDATE_PRODUCT = YES;
			};
			name = Release;
		};
		552E898E1F9E8A9F00DB4038 /* Debug */ = {
			isa = XCBuildConfiguration;
			buildSettings = {
				ASSETCATALOG_COMPILER_APPICON_NAME = AppIcon;
				CODE_SIGN_STYLE = Automatic;
				INFOPLIST_FILE = Project19/Info.plist;
				LD_RUNPATH_SEARCH_PATHS = "$(inherited) @executable_path/Frameworks";
				PRODUCT_BUNDLE_IDENTIFIER = com.example.Project19;
				PRODUCT_NAME = "$(TARGET_NAME)";
				SWIFT_VERSION = 4.0;
				TARGETED_DEVICE_FAMILY = "1,2";
			};
			name = Debug;
		};
		552E898F1F9E8A9F00DB4038 /* Release */ = {
			isa = XCBuildConfiguration;
			buildSettings = {
				ASSETCATALOG_COMPILER_APPICON_NAME = AppIcon;
				CODE_SIGN_STYLE = Automatic;
				INFOPLIST_FILE = Project19/Info.plist;
				LD_RUNPATH_SEARCH_PATHS = "$(inherited) @executable_path/Frameworks";
				PRODUCT_BUNDLE_IDENTIFIER = com.example.Project19;
				PRODUCT_NAME = "$(TARGET_NAME)";
				SWIFT_VERSION = 4.0;
				TARGETED_DEVICE_FAMILY = "1,2";
			};
			name = Release;
		};
		552E89911F9E8A9F00DB4038 /* Debug */ = {
			isa = XCBuildConfiguration;
			buildSettings = {
				ALWAYS_EMBED_SWIFT_STANDARD_LIBRARIES = YES;
				BUNDLE_LOADER = "$(TEST_HOST)";
				CODE_SIGN_STYLE = Automatic;
				INFOPLIST_FILE = Project19Tests/Info.plist;
				LD_RUNPATH_SEARCH_PATHS = "$(inherited) @executable_path/Frameworks @loader_path/Frameworks";
				PRODUCT_BUNDLE_IDENTIFIER = com.example.Project19Tests;
				PRODUCT_NAME = "$(TARGET_NAME)";
				SWIFT_VERSION = 4.0;
				TARGETED_DEVICE_FAMILY = "1,2";
				TEST_HOST = "$(BUILT_PRODUCTS_DIR)/Project19.app/Project19";
			};
			name = Debug;
		};
		552E89921F9E8A9F00DB4038 /* Release */ = {
			isa = XCBuildConfiguration;
			buildSettings = {
				ALWAYS_EMBED_SWIFT_STANDARD_LIBRARIES = YES;
				BUNDLE_LOADER = "$(TEST_HOST)";
				CODE_SIGN_STYLE = Automatic;
				INFOPLIST_FILE = Project19Tests/Info.plist;
				LD_RUNPATH_SEARCH_PATHS = "$(inherited) @executable_path/Frameworks @loader_path/Frameworks";
				PRODUCT_BUNDLE_IDENTIFIER = com.example.Project19Tests;
				PRODUCT_NAME = "$(TARGET_NAME)";
				SWIFT_VERSION = 4.0;
				TARGETED_DEVICE_FAMILY = "1,2";
				TEST_HOST = "$(BUILT_PRODUCTS_DIR)/Project19.app/Project19";
			};
			name = Release;
		};
/* End XCBuildConfiguration section */

/* Begin XCConfigurationList section */
		552E896B1F9E8A9E00DB4038 /* Build configuration list for PBXProject "Project19" */ = {
			isa = XCConfigurationList;
			buildConfigurations = (
				552E898B1F9E8A9F00DB4038 /* Debug */,
				552E898C1F9E8A9F00DB4038 /* Release */,
			);
			defaultConfigurationIsVisible = 0;
			defaultConfigurationName = Release;
		};
		552E898D1F9E8A9F00DB4038 /* Build configuration list for PBXNativeTarget "Project19" */ = {
			isa = XCConfigurationList;
			buildConfigurations = (
				552E898E1F9E8A9F00DB4038 /* Debug */,
				552E898F1F9E8A9F00DB4038 /* Release */,
			);
			defaultConfigurationIsVisible = 0;
			defaultConfigurationName = Release;
		};
		552E89901F9E8A9F00DB4038 /* Build configuration list for PBXNativeTarget "Project19Tests" */ = {
			isa = XCConfigurationList;
			buildConfigurations = (
				552E89911F9E8A9F00DB4038 /* Debug */,
				552E89921F9E8A9F00DB4038 /* Release */,
			);
			defaultConfigurationIsVisible = 0;
			defaultConfigurationName = Release;
		};
/* End XCConfigurationList section */
	};
	rootObject = 552E89681F9E8A9E00DB4038 /* Project object */;
}
